
Microsoft Visual Studio Solution File, Format Version 12.00
# Visual Studio Version 17
VisualStudioVersion = 17.4.33213.308
MinimumVisualStudioVersion = 10.0.40219.1
Project("{FAE04EC0-301F-11D3-BF4B-00C04F79EFBC}") = "OpenAIRobotFunction", "OpenAIRobotFunction\OpenAIRobotFunction.csproj", "{4CEC9D06-A2D6-4E9A-A294-4C0BC3632DAD}"
EndProject
Global
	GlobalSection(SolutionConfigurationPlatforms) = preSolution
		Debug|Any CPU = Debug|Any CPU
		Release|Any CPU = Release|Any CPU
	EndGlobalSection
	GlobalSection(ProjectConfigurationPlatforms) = postSolution
		{4CEC9D06-A2D6-4E9A-A294-4C0BC3632DAD}.Debug|Any CPU.ActiveCfg = Debug|Any CPU
		{4CEC9D06-A2D6-4E9A-A294-4C0BC3632DAD}.Debug|Any CPU.Build.0 = Debug|Any CPU
		{4CEC9D06-A2D6-4E9A-A294-4C0BC3632DAD}.Release|Any CPU.ActiveCfg = Release|Any CPU
		{4CEC9D06-A2D6-4E9A-A294-4C0BC3632DAD}.Release|Any CPU.Build.0 = Release|Any CPU
	EndGlobalSection
	GlobalSection(SolutionProperties) = preSolution
		HideSolutionNode = FALSE
	EndGlobalSection
	GlobalSection(ExtensibilityGlobals) = postSolution
		SolutionGuid = {E0F1D9E5-07EF-493B-9FBF-97C3C1002542}
	EndGlobalSection
EndGlobal
